{
  "name": "@puik/playground",
  "version": "0.0.0",
  "lockfileVersion": 3,
  "requires": true,
  "packages": {
    "": {
      "name": "@puik/playground",
      "version": "0.0.0",
      "dependencies": {
        "@prestashopcorp/puik": "^1.5.4",
        "vue": "^3.2.47"
      },
      "devDependencies": {
        "@vitejs/plugin-vue": "^4.1.0",
        "sass": "^1.67.0",
        "typescript": "^5.0.4",
        "vite": "^4.2.1",
        "vue-tsc": "^1.2.0"
      }
    },
    "../node_modules/.pnpm/@vitejs+plugin-vue@4.1.0_vite@4.2.1_vue@3.2.47/node_modules/@vitejs/plugin-vue": {
      "version": "4.1.0",
      "dev": true,
      "license": "MIT",
      "devDependencies": {
        "@jridgewell/gen-mapping": "^0.3.2",
        "@jridgewell/trace-mapping": "^0.3.17",
        "debug": "^4.3.4",
        "rollup": "^3.17.2",
        "slash": "^5.0.0",
        "source-map": "^0.6.1",
        "vite": "^4.0.3",
        "vue": "^3.2.45"
      },
      "engines": {
        "node": "^14.18.0 || >=16.0.0"
      },
      "peerDependencies": {
        "vite": "^4.0.0",
        "vue": "^3.2.25"
      }
    },
    "../node_modules/.pnpm/sass@1.67.0/node_modules/sass": {
      "version": "1.67.0",
      "dev": true,
      "license": "MIT",
      "dependencies": {
        "chokidar": ">=3.0.0 <4.0.0",
        "immutable": "^4.0.0",
        "source-map-js": ">=0.6.2 <2.0.0"
      },
      "bin": {
        "sass": "sass.js"
      },
      "engines": {
        "node": ">=14.0.0"
      }
    },
    "../node_modules/.pnpm/typescript@5.0.4/node_modules/typescript": {
      "version": "5.0.4",
      "dev": true,
      "license": "Apache-2.0",
      "bin": {
        "tsc": "bin/tsc",
        "tsserver": "bin/tsserver"
      },
      "devDependencies": {
        "@esfx/canceltoken": "^1.0.0",
        "@octokit/rest": "latest",
        "@types/chai": "^4.3.4",
        "@types/fs-extra": "^9.0.13",
        "@types/glob": "^8.1.0",
        "@types/microsoft__typescript-etw": "^0.1.1",
        "@types/minimist": "^1.2.2",
        "@types/mocha": "^10.0.1",
        "@types/ms": "^0.7.31",
        "@types/node": "latest",
        "@types/source-map-support": "^0.5.6",
        "@types/which": "^2.0.1",
        "@typescript-eslint/eslint-plugin": "^5.33.1",
        "@typescript-eslint/parser": "^5.33.1",
        "@typescript-eslint/utils": "^5.33.1",
        "azure-devops-node-api": "^11.2.0",
        "chai": "^4.3.7",
        "chalk": "^4.1.2",
        "chokidar": "^3.5.3",
        "del": "^6.1.1",
        "diff": "^5.1.0",
        "esbuild": "^0.17.2",
        "eslint": "^8.22.0",
        "eslint-formatter-autolinkable-stylish": "^1.2.0",
        "eslint-plugin-import": "^2.26.0",
        "eslint-plugin-local": "^1.0.0",
        "eslint-plugin-no-null": "^1.0.2",
        "eslint-plugin-simple-import-sort": "^10.0.0",
        "fast-xml-parser": "^4.0.11",
        "fs-extra": "^9.1.0",
        "glob": "^8.1.0",
        "hereby": "^1.6.4",
        "jsonc-parser": "^3.2.0",
        "minimist": "^1.2.8",
        "mocha": "^10.2.0",
        "mocha-fivemat-progress-reporter": "^0.1.0",
        "ms": "^2.1.3",
        "node-fetch": "^3.2.10",
        "source-map-support": "^0.5.21",
        "typescript": "5.0.0-dev.20230112",
        "which": "^2.0.2"
      },
      "engines": {
        "node": ">=12.20"
      }
    },
    "../node_modules/.pnpm/vite@4.2.1_@types+node@18.15.11_sass@1.67.0/node_modules/vite": {
      "version": "4.2.1",
      "dev": true,
      "license": "MIT",
      "dependencies": {
        "esbuild": "^0.17.5",
        "postcss": "^8.4.21",
        "resolve": "^1.22.1",
        "rollup": "^3.18.0"
      },
      "bin": {
        "vite": "bin/vite.js"
      },
      "devDependencies": {
        "@ampproject/remapping": "^2.2.0",
        "@babel/parser": "^7.21.2",
        "@babel/types": "^7.21.2",
        "@jridgewell/trace-mapping": "^0.3.17",
        "@rollup/plugin-alias": "^4.0.3",
        "@rollup/plugin-commonjs": "^24.0.1",
        "@rollup/plugin-dynamic-import-vars": "^2.0.3",
        "@rollup/plugin-json": "^6.0.0",
        "@rollup/plugin-node-resolve": "15.0.1",
        "@rollup/plugin-typescript": "^11.0.0",
        "@rollup/pluginutils": "^5.0.2",
        "acorn": "^8.8.2",
        "acorn-walk": "^8.2.0",
        "cac": "^6.7.14",
        "chokidar": "^3.5.3",
        "connect": "^3.7.0",
        "connect-history-api-fallback": "^2.0.0",
        "convert-source-map": "^2.0.0",
        "cors": "^2.8.5",
        "cross-spawn": "^7.0.3",
        "debug": "^4.3.4",
        "dep-types": "link:./src/types",
        "dotenv": "^16.0.3",
        "dotenv-expand": "^9.0.0",
        "es-module-lexer": "^1.2.0",
        "estree-walker": "^3.0.3",
        "etag": "^1.8.1",
        "fast-glob": "^3.2.12",
        "http-proxy": "^1.18.1",
        "json-stable-stringify": "^1.0.2",
        "launch-editor-middleware": "^2.6.0",
        "magic-string": "^0.30.0",
        "micromatch": "^4.0.5",
        "mlly": "^1.1.1",
        "mrmime": "^1.0.1",
        "okie": "^1.0.1",
        "open": "^8.4.2",
        "parse5": "^7.1.2",
        "periscopic": "^3.1.0",
        "picocolors": "^1.0.0",
        "picomatch": "^2.3.1",
        "postcss-import": "^15.1.0",
        "postcss-load-config": "^4.0.1",
        "postcss-modules": "^6.0.0",
        "resolve.exports": "^2.0.1",
        "rollup-plugin-license": "^3.0.1",
        "sirv": "^2.0.2",
        "source-map-js": "^1.0.2",
        "source-map-support": "^0.5.21",
        "strip-ansi": "^7.0.1",
        "strip-literal": "^1.0.1",
        "tsconfck": "^2.1.0",
        "tslib": "^2.5.0",
        "types": "link:./types",
        "ufo": "^1.1.1",
        "ws": "^8.12.1"
      },
      "engines": {
        "node": "^14.18.0 || >=16.0.0"
      },
      "optionalDependencies": {
        "fsevents": "~2.3.2"
      },
      "peerDependencies": {
        "@types/node": ">= 14",
        "less": "*",
        "sass": "*",
        "stylus": "*",
        "sugarss": "*",
        "terser": "^5.4.0"
      },
      "peerDependenciesMeta": {
        "@types/node": {
          "optional": true
        },
        "less": {
          "optional": true
        },
        "sass": {
          "optional": true
        },
        "stylus": {
          "optional": true
        },
        "sugarss": {
          "optional": true
        },
        "terser": {
          "optional": true
        }
      }
    },
    "../node_modules/.pnpm/vue-tsc@1.2.0_typescript@5.0.4/node_modules/vue-tsc": {
      "version": "1.2.0",
      "dev": true,
      "license": "MIT",
      "dependencies": {
        "@volar/vue-language-core": "1.2.0",
        "@volar/vue-typescript": "1.2.0"
      },
      "bin": {
        "vue-tsc": "bin/vue-tsc.js"
      },
      "peerDependencies": {
        "typescript": "*"
      }
    },
    "../node_modules/.pnpm/vue@3.2.47/node_modules/vue": {
      "version": "3.2.47",
      "license": "MIT",
      "dependencies": {
        "@vue/compiler-dom": "3.2.47",
        "@vue/compiler-sfc": "3.2.47",
        "@vue/runtime-dom": "3.2.47",
        "@vue/server-renderer": "3.2.47",
        "@vue/shared": "3.2.47"
      }
    },
    "node_modules/@headlessui/vue": {
      "version": "1.7.16",
      "resolved": "https://registry.npmjs.org/@headlessui/vue/-/vue-1.7.16.tgz",
      "integrity": "sha512-nKT+nf/q6x198SsyK54mSszaQl/z+QxtASmgMEJtpxSX2Q0OPJX0upS/9daDyiECpeAsvjkoOrm2O/6PyBQ+Qg==",
      "engines": {
        "node": ">=10"
      },
      "peerDependencies": {
        "vue": "^3.2.0"
      }
    },
    "node_modules/@popperjs/core": {
      "version": "2.11.8",
      "resolved": "https://registry.npmjs.org/@popperjs/core/-/core-2.11.8.tgz",
      "integrity": "sha512-P1st0aksCrn9sGZhp8GMYwBnQsbvAWsZAX44oXNNvLHGqAOcoVxmjZiohstwQ7SqKnbR47akdNi+uleWD8+g6A==",
      "funding": {
        "type": "opencollective",
        "url": "https://opencollective.com/popperjs"
      }
    },
    "node_modules/@prestashopcorp/puik": {
      "version": "1.5.4",
      "resolved": "https://registry.npmjs.org/@prestashopcorp/puik/-/puik-1.5.4.tgz",
      "integrity": "sha512-4ex7AUjiq34sRN2i+J20jpxJaDWdTbEFa7I8QkywEJeh+9SMykJyvmbjAAotlZSqGPLzxF6eY4D/XBetdU9mQg==",
      "dependencies": {
        "@headlessui/vue": "^1.7.13",
        "@popperjs/core": "^2.11.7",
        "@vueuse/core": "^9.13.0",
        "lodash": "^4.17.21",
        "lodash-es": "^4.17.21",
        "lodash-unified": "^1.0.3"
      },
      "peerDependencies": {
        "vue": "^3.2.0"
      }
    },
    "node_modules/@types/lodash": {
      "version": "4.14.199",
      "resolved": "https://registry.npmjs.org/@types/lodash/-/lodash-4.14.199.tgz",
      "integrity": "sha512-Vrjz5N5Ia4SEzWWgIVwnHNEnb1UE1XMkvY5DGXrAeOGE9imk0hgTHh5GyDjLDJi9OTCn9oo9dXH1uToK1VRfrg==",
      "peer": true
    },
    "node_modules/@types/lodash-es": {
      "version": "4.17.9",
      "resolved": "https://registry.npmjs.org/@types/lodash-es/-/lodash-es-4.17.9.tgz",
      "integrity": "sha512-ZTcmhiI3NNU7dEvWLZJkzG6ao49zOIjEgIE0RgV7wbPxU0f2xT3VSAHw2gmst8swH6V0YkLRGp4qPlX/6I90MQ==",
      "peer": true,
      "dependencies": {
        "@types/lodash": "*"
      }
    },
    "node_modules/@types/web-bluetooth": {
      "version": "0.0.16",
      "resolved": "https://registry.npmjs.org/@types/web-bluetooth/-/web-bluetooth-0.0.16.tgz",
      "integrity": "sha512-oh8q2Zc32S6gd/j50GowEjKLoOVOwHP/bWVjKJInBwQqdOYMdPrf1oVlelTlyfFK3CKxL1uahMDAr+vy8T7yMQ=="
    },
    "node_modules/@vitejs/plugin-vue": {
      "resolved": "../node_modules/.pnpm/@vitejs+plugin-vue@4.1.0_vite@4.2.1_vue@3.2.47/node_modules/@vitejs/plugin-vue",
      "link": true
    },
    "node_modules/@vueuse/core": {
      "version": "9.13.0",
      "resolved": "https://registry.npmjs.org/@vueuse/core/-/core-9.13.0.tgz",
      "integrity": "sha512-pujnclbeHWxxPRqXWmdkKV5OX4Wk4YeK7wusHqRwU0Q7EFusHoqNA/aPhB6KCh9hEqJkLAJo7bb0Lh9b+OIVzw==",
      "dependencies": {
        "@types/web-bluetooth": "^0.0.16",
        "@vueuse/metadata": "9.13.0",
        "@vueuse/shared": "9.13.0",
        "vue-demi": "*"
      },
      "funding": {
        "url": "https://github.com/sponsors/antfu"
      }
    },
    "node_modules/@vueuse/core/node_modules/vue-demi": {
      "version": "0.14.6",
      "resolved": "https://registry.npmjs.org/vue-demi/-/vue-demi-0.14.6.tgz",
      "integrity": "sha512-8QA7wrYSHKaYgUxDA5ZC24w+eHm3sYCbp0EzcDwKqN3p6HqtTCGR/GVsPyZW92unff4UlcSh++lmqDWN3ZIq4w==",
      "hasInstallScript": true,
      "bin": {
        "vue-demi-fix": "bin/vue-demi-fix.js",
        "vue-demi-switch": "bin/vue-demi-switch.js"
      },
      "engines": {
        "node": ">=12"
      },
      "funding": {
        "url": "https://github.com/sponsors/antfu"
      },
      "peerDependencies": {
        "@vue/composition-api": "^1.0.0-rc.1",
        "vue": "^3.0.0-0 || ^2.6.0"
      },
      "peerDependenciesMeta": {
        "@vue/composition-api": {
          "optional": true
        }
      }
    },
    "node_modules/@vueuse/metadata": {
      "version": "9.13.0",
      "resolved": "https://registry.npmjs.org/@vueuse/metadata/-/metadata-9.13.0.tgz",
      "integrity": "sha512-gdU7TKNAUVlXXLbaF+ZCfte8BjRJQWPCa2J55+7/h+yDtzw3vOoGQDRXzI6pyKyo6bXFT5/QoPE4hAknExjRLQ==",
      "funding": {
        "url": "https://github.com/sponsors/antfu"
      }
    },
    "node_modules/@vueuse/shared": {
      "version": "9.13.0",
      "resolved": "https://registry.npmjs.org/@vueuse/shared/-/shared-9.13.0.tgz",
      "integrity": "sha512-UrnhU+Cnufu4S6JLCPZnkWh0WwZGUp72ktOF2DFptMlOs3TOdVv8xJN53zhHGARmVOsz5KqOls09+J1NR6sBKw==",
      "dependencies": {
        "vue-demi": "*"
      },
      "funding": {
        "url": "https://github.com/sponsors/antfu"
      }
    },
    "node_modules/@vueuse/shared/node_modules/vue-demi": {
      "version": "0.14.6",
      "resolved": "https://registry.npmjs.org/vue-demi/-/vue-demi-0.14.6.tgz",
      "integrity": "sha512-8QA7wrYSHKaYgUxDA5ZC24w+eHm3sYCbp0EzcDwKqN3p6HqtTCGR/GVsPyZW92unff4UlcSh++lmqDWN3ZIq4w==",
      "hasInstallScript": true,
      "bin": {
        "vue-demi-fix": "bin/vue-demi-fix.js",
        "vue-demi-switch": "bin/vue-demi-switch.js"
      },
      "engines": {
        "node": ">=12"
      },
      "funding": {
        "url": "https://github.com/sponsors/antfu"
      },
      "peerDependencies": {
        "@vue/composition-api": "^1.0.0-rc.1",
        "vue": "^3.0.0-0 || ^2.6.0"
      },
      "peerDependenciesMeta": {
        "@vue/composition-api": {
          "optional": true
        }
      }
    },
    "node_modules/lodash": {
      "version": "4.17.21",
      "resolved": "https://registry.npmjs.org/lodash/-/lodash-4.17.21.tgz",
      "integrity": "sha512-v2kDEe57lecTulaDIuNTPy3Ry4gLGJ6Z1O3vE1krgXZNrsQ+LFTGHVxVjcXPs17LhbZVGedAJv8XZ1tvj5FvSg=="
    },
    "node_modules/lodash-es": {
      "version": "4.17.21",
      "resolved": "https://registry.npmjs.org/lodash-es/-/lodash-es-4.17.21.tgz",
      "integrity": "sha512-mKnC+QJ9pWVzv+C4/U3rRsHapFfHvQFoFB92e52xeyGMcX6/OlIl78je1u8vePzYZSkkogMPJ2yjxxsb89cxyw=="
    },
    "node_modules/lodash-unified": {
      "version": "1.0.3",
      "resolved": "https://registry.npmjs.org/lodash-unified/-/lodash-unified-1.0.3.tgz",
      "integrity": "sha512-WK9qSozxXOD7ZJQlpSqOT+om2ZfcT4yO+03FuzAHD0wF6S0l0090LRPDx3vhTTLZ8cFKpBn+IOcVXK6qOcIlfQ==",
      "peerDependencies": {
        "@types/lodash-es": "*",
        "lodash": "*",
        "lodash-es": "*"
      }
    },
    "node_modules/sass": {
      "resolved": "../node_modules/.pnpm/sass@1.67.0/node_modules/sass",
      "link": true
    },
    "node_modules/typescript": {
      "resolved": "../node_modules/.pnpm/typescript@5.0.4/node_modules/typescript",
      "link": true
    },
    "node_modules/vite": {
      "resolved": "../node_modules/.pnpm/vite@4.2.1_@types+node@18.15.11_sass@1.67.0/node_modules/vite",
      "link": true
    },
    "node_modules/vue": {
      "resolved": "../node_modules/.pnpm/vue@3.2.47/node_modules/vue",
      "link": true
    },
    "node_modules/vue-tsc": {
      "resolved": "../node_modules/.pnpm/vue-tsc@1.2.0_typescript@5.0.4/node_modules/vue-tsc",
      "link": true
    }
  }
}
